// !$*UTF8*$!
{
	archiveVersion = 1;
	classes = {
	};
	objectVersion = 46;
	objects = {

/* Begin PBXBuildFile section */
		BDBD4D8A1F14F55B00CDB598 /* AppDelegate.swift in Sources */ = {isa = PBXBuildFile; fileRef = BDBD4D891F14F55B00CDB598 /* AppDelegate.swift */; };
		BDBD4D9F1F14F55C00CDB598 /* LeetCodeTests.swift in Sources */ = {isa = PBXBuildFile; fileRef = BDBD4D9E1F14F55C00CDB598 /* LeetCodeTests.swift */; };
		BDBD4DAA1F14F59500CDB598 /* EasySolution.swift in Sources */ = {isa = PBXBuildFile; fileRef = BDBD4DA91F14F59500CDB598 /* EasySolution.swift */; };
		BDBD4DAE1F15003700CDB598 /* LinkedList.swift in Sources */ = {isa = PBXBuildFile; fileRef = BDBD4DAD1F15003700CDB598 /* LinkedList.swift */; };
		BDBD4DB01F1503A500CDB598 /* LinkedListTests.swift in Sources */ = {isa = PBXBuildFile; fileRef = BDBD4DAF1F1503A500CDB598 /* LinkedListTests.swift */; };
/* End PBXBuildFile section */

/* Begin PBXContainerItemProxy section */
		BDBD4D9B1F14F55C00CDB598 /* PBXContainerItemProxy */ = {
			isa = PBXContainerItemProxy;
			containerPortal = BDBD4D7E1F14F55B00CDB598 /* Project object */;
			proxyType = 1;
			remoteGlobalIDString = BDBD4D851F14F55B00CDB598;
			remoteInfo = LeetCode;
		};
/* End PBXContainerItemProxy section */

/* Begin PBXFileReference section */
		BDBD4D861F14F55B00CDB598 /* LeetCode.app */ = {isa = PBXFileReference; explicitFileType = wrapper.application; includeInIndex = 0; path = LeetCode.app; sourceTree = BUILT_PRODUCTS_DIR; };
		BDBD4D891F14F55B00CDB598 /* AppDelegate.swift */ = {isa = PBXFileReference; lastKnownFileType = sourcecode.swift; path = AppDelegate.swift; sourceTree = "<group>"; };
		BDBD4D951F14F55B00CDB598 /* Info.plist */ = {isa = PBXFileReference; lastKnownFileType = text.plist.xml; path = Info.plist; sourceTree = "<group>"; };
		BDBD4D9A1F14F55C00CDB598 /* LeetCodeTests.xctest */ = {isa = PBXFileReference; explicitFileType = wrapper.cfbundle; includeInIndex = 0; path = LeetCodeTests.xctest; sourceTree = BUILT_PRODUCTS_DIR; };
		BDBD4D9E1F14F55C00CDB598 /* LeetCodeTests.swift */ = {isa = PBXFileReference; lastKnownFileType = sourcecode.swift; path = LeetCodeTests.swift; sourceTree = "<group>"; };
		BDBD4DA01F14F55C00CDB598 /* Info.plist */ = {isa = PBXFileReference; lastKnownFileType = text.plist.xml; path = Info.plist; sourceTree = "<group>"; };
		BDBD4DA91F14F59500CDB598 /* EasySolution.swift */ = {isa = PBXFileReference; fileEncoding = 4; lastKnownFileType = sourcecode.swift; name = EasySolution.swift; path = LeetCode/EasySolution.swift; sourceTree = SOURCE_ROOT; };
		BDBD4DAD1F15003700CDB598 /* LinkedList.swift */ = {isa = PBXFileReference; fileEncoding = 4; lastKnownFileType = sourcecode.swift; path = LinkedList.swift; sourceTree = "<group>"; };
		BDBD4DAF1F1503A500CDB598 /* LinkedListTests.swift */ = {isa = PBXFileReference; fileEncoding = 4; lastKnownFileType = sourcecode.swift; path = LinkedListTests.swift; sourceTree = "<group>"; };
/* End PBXFileReference section */

/* Begin PBXFrameworksBuildPhase section */
		BDBD4D831F14F55B00CDB598 /* Frameworks */ = {
			isa = PBXFrameworksBuildPhase;
			buildActionMask = 2147483647;
			files = (
			);
			runOnlyForDeploymentPostprocessing = 0;
		};
		BDBD4D971F14F55C00CDB598 /* Frameworks */ = {
			isa = PBXFrameworksBuildPhase;
			buildActionMask = 2147483647;
			files = (
			);
			runOnlyForDeploymentPostprocessing = 0;
		};
/* End PBXFrameworksBuildPhase section */

/* Begin PBXGroup section */
		BDBD4D7D1F14F55B00CDB598 = {
			isa = PBXGroup;
			children = (
				BDBD4D881F14F55B00CDB598 /* LeetCode */,
				BDBD4D9D1F14F55C00CDB598 /* LeetCodeTests */,
				BDBD4D871F14F55B00CDB598 /* Products */,
			);
			sourceTree = "<group>";
		};
		BDBD4D871F14F55B00CDB598 /* Products */ = {
			isa = PBXGroup;
			children = (
				BDBD4D861F14F55B00CDB598 /* LeetCode.app */,
				BDBD4D9A1F14F55C00CDB598 /* LeetCodeTests.xctest */,
			);
			name = Products;
			sourceTree = "<group>";
		};
		BDBD4D881F14F55B00CDB598 /* LeetCode */ = {
			isa = PBXGroup;
			children = (
				BDBD4D891F14F55B00CDB598 /* AppDelegate.swift */,
				BDBD4D951F14F55B00CDB598 /* Info.plist */,
			);
			path = LeetCode;
			sourceTree = "<group>";
		};
		BDBD4D9D1F14F55C00CDB598 /* LeetCodeTests */ = {
			isa = PBXGroup;
			children = (
				BDBD4DAF1F1503A500CDB598 /* LinkedListTests.swift */,
				BDBD4D9E1F14F55C00CDB598 /* LeetCodeTests.swift */,
				BDBD4DAD1F15003700CDB598 /* LinkedList.swift */,
				BDBD4DA91F14F59500CDB598 /* EasySolution.swift */,
				BDBD4DA01F14F55C00CDB598 /* Info.plist */,
			);
			path = LeetCodeTests;
			sourceTree = "<group>";
		};
/* End PBXGroup section */

/* Begin PBXNativeTarget section */
		BDBD4D851F14F55B00CDB598 /* LeetCode */ = {
			isa = PBXNativeTarget;
			buildConfigurationList = BDBD4DA31F14F55C00CDB598 /* Build configuration list for PBXNativeTarget "LeetCode" */;
			buildPhases = (
				BDBD4D821F14F55B00CDB598 /* Sources */,
				BDBD4D831F14F55B00CDB598 /* Frameworks */,
				BDBD4D841F14F55B00CDB598 /* Resources */,
			);
			buildRules = (
			);
			dependencies = (
			);
			name = LeetCode;
			productName = LeetCode;
			productReference = BDBD4D861F14F55B00CDB598 /* LeetCode.app */;
			productType = "com.apple.product-type.application";
		};
		BDBD4D991F14F55C00CDB598 /* LeetCodeTests */ = {
			isa = PBXNativeTarget;
			buildConfigurationList = BDBD4DA61F14F55C00CDB598 /* Build configuration list for PBXNativeTarget "LeetCodeTests" */;
			buildPhases = (
				BDBD4D961F14F55C00CDB598 /* Sources */,
				BDBD4D971F14F55C00CDB598 /* Frameworks */,
				BDBD4D981F14F55C00CDB598 /* Resources */,
			);
			buildRules = (
			);
			dependencies = (
				BDBD4D9C1F14F55C00CDB598 /* PBXTargetDependency */,
			);
			name = LeetCodeTests;
			productName = LeetCodeTests;
			productReference = BDBD4D9A1F14F55C00CDB598 /* LeetCodeTests.xctest */;
			productType = "com.apple.product-type.bundle.unit-test";
		};
/* End PBXNativeTarget section */

/* Begin PBXProject section */
		BDBD4D7E1F14F55B00CDB598 /* Project object */ = {
			isa = PBXProject;
			attributes = {
				LastSwiftUpdateCheck = 0830;
				LastUpgradeCheck = 0830;
				ORGANIZATIONNAME = "Shilpa Bhat";
				TargetAttributes = {
					BDBD4D851F14F55B00CDB598 = {
						CreatedOnToolsVersion = 8.3.3;
						ProvisioningStyle = Automatic;
					};
					BDBD4D991F14F55C00CDB598 = {
						CreatedOnToolsVersion = 8.3.3;
						ProvisioningStyle = Automatic;
						TestTargetID = BDBD4D851F14F55B00CDB598;
					};
				};
			};
			buildConfigurationList = BDBD4D811F14F55B00CDB598 /* Build configuration list for PBXProject "LeetCode" */;
			compatibilityVersion = "Xcode 3.2";
			developmentRegion = English;
			hasScannedForEncodings = 0;
			knownRegions = (
				en,
				Base,
			);
			mainGroup = BDBD4D7D1F14F55B00CDB598;
			productRefGroup = BDBD4D871F14F55B00CDB598 /* Products */;
			projectDirPath = "";
			projectRoot = "";
			targets = (
				BDBD4D851F14F55B00CDB598 /* LeetCode */,
				BDBD4D991F14F55C00CDB598 /* LeetCodeTests */,
			);
		};
/* End PBXProject section */

/* Begin PBXResourcesBuildPhase section */
		BDBD4D841F14F55B00CDB598 /* Resources */ = {
			isa = PBXResourcesBuildPhase;
			buildActionMask = 2147483647;
			files = (
			);
			runOnlyForDeploymentPostprocessing = 0;
		};
		BDBD4D981F14F55C00CDB598 /* Resources */ = {
			isa = PBXResourcesBuildPhase;
			buildActionMask = 2147483647;
			files = (
			);
			runOnlyForDeploymentPostprocessing = 0;
		};
/* End PBXResourcesBuildPhase section */

/* Begin PBXSourcesBuildPhase section */
		BDBD4D821F14F55B00CDB598 /* Sources */ = {
			isa = PBXSourcesBuildPhase;
			buildActionMask = 2147483647;
			files = (
				BDBD4D8A1F14F55B00CDB598 /* AppDelegate.swift in Sources */,
			);
			runOnlyForDeploymentPostprocessing = 0;
		};
		BDBD4D961F14F55C00CDB598 /* Sources */ = {
			isa = PBXSourcesBuildPhase;
			buildActionMask = 2147483647;
			files = (
				BDBD4DAE1F15003700CDB598 /* LinkedList.swift in Sources */,
				BDBD4D9F1F14F55C00CDB598 /* LeetCodeTests.swift in Sources */,
				BDBD4DB01F1503A500CDB598 /* LinkedListTests.swift in Sources */,
				BDBD4DAA1F14F59500CDB598 /* EasySolution.swift in Sources */,
			);
			runOnlyForDeploymentPostprocessing = 0;
		};
/* End PBXSourcesBuildPhase section */

/* Begin PBXTargetDependency section */
		BDBD4D9C1F14F55C00CDB598 /* PBXTargetDependency */ = {
			isa = PBXTargetDependency;
			target = BDBD4D851F14F55B00CDB598 /* LeetCode */;
			targetProxy = BDBD4D9B1F14F55C00CDB598 /* PBXContainerItemProxy */;
		};
/* End PBXTargetDependency section */

/* Begin XCBuildConfiguration section */
		BDBD4DA11F14F55C00CDB598 /* Debug */ = {
			isa = XCBuildConfiguration;
			buildSettings = {
				ALWAYS_SEARCH_USER_PATHS = NO;
				CLANG_ANALYZER_NONNULL = YES;
				CLANG_ANALYZER_NUMBER_OBJECT_CONVERSION = YES_AGGRESSIVE;
				CLANG_CXX_LANGUAGE_STANDARD = "gnu++0x";
				CLANG_CXX_LIBRARY = "libc++";
				CLANG_ENABLE_MODULES = YES;
				CLANG_ENABLE_OBJC_ARC = YES;
				CLANG_WARN_BOOL_CONVERSION = YES;
				CLANG_WARN_CONSTANT_CONVERSION = YES;
				CLANG_WARN_DIRECT_OBJC_ISA_USAGE = YES_ERROR;
				CLANG_WARN_DOCUMENTATION_COMMENTS = YES;
				CLANG_WARN_EMPTY_BODY = YES;
				CLANG_WARN_ENUM_CONVERSION = YES;
				CLANG_WARN_INFINITE_RECURSION = YES;
				CLANG_WARN_INT_CONVERSION = YES;
				CLANG_WARN_OBJC_ROOT_CLASS = YES_ERROR;
				CLANG_WARN_SUSPICIOUS_MOVE = YES;
				CLANG_WARN_UNREACHABLE_CODE = YES;
				CLANG_WARN__DUPLICATE_METHOD_MATCH = YES;
				"CODE_SIGN_IDENTITY[sdk=iphoneos*]" = "iPhone Developer";
				COPY_PHASE_STRIP = NO;
				DEBUG_INFORMATION_FORMAT = dwarf;
				ENABLE_STRICT_OBJC_MSGSEND = YES;
				ENABLE_TESTABILITY = YES;
				GCC_C_LANGUAGE_STANDARD = gnu99;
				GCC_DYNAMIC_NO_PIC = NO;
				GCC_NO_COMMON_BLOCKS = YES;
				GCC_OPTIMIZATION_LEVEL = 0;
				GCC_PREPROCESSOR_DEFINITIONS = (
					"DEBUG=1",
					"$(inherited)",
				);
				GCC_WARN_64_TO_32_BIT_CONVERSION = YES;
				GCC_WARN_ABOUT_RETURN_TYPE = YES_ERROR;
				GCC_WARN_UNDECLARED_SELECTOR = YES;
				GCC_WARN_UNINITIALIZED_AUTOS = YES_AGGRESSIVE;
				GCC_WARN_UNUSED_FUNCTION = YES;
				GCC_WARN_UNUSED_VARIABLE = YES;
				IPHONEOS_DEPLOYMENT_TARGET = 10.3;
				MTL_ENABLE_DEBUG_INFO = YES;
				ONLY_ACTIVE_ARCH = YES;
				SDKROOT = iphoneos;
				SWIFT_ACTIVE_COMPILATION_CONDITIONS = DEBUG;
				SWIFT_OPTIMIZATION_LEVEL = "-Onone";
				TARGETED_DEVICE_FAMILY = "1,2";
			};
			name = Debug;
		};
		BDBD4DA21F14F55C00CDB598 /* Release */ = {
			isa = XCBuildConfiguration;
			buildSettings = {
				ALWAYS_SEARCH_USER_PATHS = NO;
				CLANG_ANALYZER_NONNULL = YES;
				CLANG_ANALYZER_NUMBER_OBJECT_CONVERSION = YES_AGGRESSIVE;
				CLANG_CXX_LANGUAGE_STANDARD = "gnu++0x";
				CLANG_CXX_LIBRARY = "libc++";
				CLANG_ENABLE_MODULES = YES;
				CLANG_ENABLE_OBJC_ARC = YES;
				CLANG_WARN_BOOL_CONVERSION = YES;
				CLANG_WARN_CONSTANT_CONVERSION = YES;
				CLANG_WARN_DIRECT_OBJC_ISA_USAGE = YES_ERROR;
				CLANG_WARN_DOCUMENTATION_COMMENTS = YES;
				CLANG_WARN_EMPTY_BODY = YES;
				CLANG_WARN_ENUM_CONVERSION = YES;
				CLANG_WARN_INFINITE_RECURSION = YES;
				CLANG_WARN_INT_CONVERSION = YES;
				CLANG_WARN_OBJC_ROOT_CLASS = YES_ERROR;
				CLANG_WARN_SUSPICIOUS_MOVE = YES;
				CLANG_WARN_UNREACHABLE_CODE = YES;
				CLANG_WARN__DUPLICATE_METHOD_MATCH = YES;
				"CODE_SIGN_IDENTITY[sdk=iphoneos*]" = "iPhone Developer";
				COPY_PHASE_STRIP = NO;
				DEBUG_INFORMATION_FORMAT = "dwarf-with-dsym";
				ENABLE_NS_ASSERTIONS = NO;
				ENABLE_STRICT_OBJC_MSGSEND = YES;
				GCC_C_LANGUAGE_STANDARD = gnu99;
				GCC_NO_COMMON_BLOCKS = YES;
				GCC_WARN_64_TO_32_BIT_CONVERSION = YES;
				GCC_WARN_ABOUT_RETURN_TYPE = YES_ERROR;
				GCC_WARN_UNDECLARED_SELECTOR = YES;
				GCC_WARN_UNINITIALIZED_AUTOS = YES_AGGRESSIVE;
				GCC_WARN_UNUSED_FUNCTION = YES;
				GCC_WARN_UNUSED_VARIABLE = YES;
				IPHONEOS_DEPLOYMENT_TARGET = 10.3;
				MTL_ENABLE_DEBUG_INFO = NO;
				SDKROOT = iphoneos;
				SWIFT_OPTIMIZATION_LEVEL = "-Owholemodule";
				TARGETED_DEVICE_FAMILY = "1,2";
				VALIDATE_PRODUCT = YES;
			};
			name = Release;
		};
		BDBD4DA41F14F55C00CDB598 /* Debug */ = {
			isa = XCBuildConfiguration;
			buildSettings = {
				ASSETCATALOG_COMPILER_APPICON_NAME = AppIcon;
				INFOPLIST_FILE = LeetCode/Info.plist;
				LD_RUNPATH_SEARCH_PATHS = "$(inherited) @executable_path/Frameworks";
				PRODUCT_BUNDLE_IDENTIFIER = com.shilpa.LeetCode;
				PRODUCT_NAME = "$(TARGET_NAME)";
				SWIFT_VERSION = 3.0;
			};
			name = Debug;
		};
		BDBD4DA51F14F55C00CDB598 /* Release */ = {
			isa = XCBuildConfiguration;
			buildSettings = {
				ASSETCATALOG_COMPILER_APPICON_NAME = AppIcon;
				INFOPLIST_FILE = LeetCode/Info.plist;
				LD_RUNPATH_SEARCH_PATHS = "$(inherited) @executable_path/Frameworks";
				PRODUCT_BUNDLE_IDENTIFIER = com.shilpa.LeetCode;
				PRODUCT_NAME = "$(TARGET_NAME)";
				SWIFT_VERSION = 3.0;
			};
			name = Release;
		};
		BDBD4DA71F14F55C00CDB598 /* Debug */ = {
			isa = XCBuildConfiguration;
			buildSettings = {
				ALWAYS_EMBED_SWIFT_STANDARD_LIBRARIES = YES;
				BUNDLE_LOADER = "$(TEST_HOST)";
				INFOPLIST_FILE = LeetCodeTests/Info.plist;
				LD_RUNPATH_SEARCH_PATHS = "$(inherited) @executable_path/Frameworks @loader_path/Frameworks";
				PRODUCT_BUNDLE_IDENTIFIER = com.shilpa.LeetCodeTests;
				PRODUCT_NAME = "$(TARGET_NAME)";
				SWIFT_VERSION = 3.0;
				TEST_HOST = "$(BUILT_PRODUCTS_DIR)/LeetCode.app/LeetCode";
			};
			name = Debug;
		};
		BDBD4DA81F14F55C00CDB598 /* Release */ = {
			isa = XCBuildConfiguration;
			buildSettings = {
				ALWAYS_EMBED_SWIFT_STANDARD_LIBRARIES = YES;
				BUNDLE_LOADER = "$(TEST_HOST)";
				INFOPLIST_FILE = LeetCodeTests/Info.plist;
				LD_RUNPATH_SEARCH_PATHS = "$(inherited) @executable_path/Frameworks @loader_path/Frameworks";
				PRODUCT_BUNDLE_IDENTIFIER = com.shilpa.LeetCodeTests;
				PRODUCT_NAME = "$(TARGET_NAME)";
				SWIFT_VERSION = 3.0;
				TEST_HOST = "$(BUILT_PRODUCTS_DIR)/LeetCode.app/LeetCode";
			};
			name = Release;
		};
/* End XCBuildConfiguration section */

/* Begin XCConfigurationList section */
		BDBD4D811F14F55B00CDB598 /* Build configuration list for PBXProject "LeetCode" */ = {
			isa = XCConfigurationList;
			buildConfigurations = (
				BDBD4DA11F14F55C00CDB598 /* Debug */,
				BDBD4DA21F14F55C00CDB598 /* Release */,
			);
			defaultConfigurationIsVisible = 0;
			defaultConfigurationName = Release;
		};
		BDBD4DA31F14F55C00CDB598 /* Build configuration list for PBXNativeTarget "LeetCode" */ = {
			isa = XCConfigurationList;
			buildConfigurations = (
				BDBD4DA41F14F55C00CDB598 /* Debug */,
				BDBD4DA51F14F55C00CDB598 /* Release */,
			);
			defaultConfigurationIsVisible = 0;
		};
		BDBD4DA61F14F55C00CDB598 /* Build configuration list for PBXNativeTarget "LeetCodeTests" */ = {
			isa = XCConfigurationList;
			buildConfigurations = (
				BDBD4DA71F14F55C00CDB598 /* Debug */,
				BDBD4DA81F14F55C00CDB598 /* Release */,
			);
			defaultConfigurationIsVisible = 0;
		};
/* End XCConfigurationList section */
	};
	rootObject = BDBD4D7E1F14F55B00CDB598 /* Project object */;
}
